
Microsoft Visual Studio Solution File, Format Version 12.00
# Visual Studio Version 16
VisualStudioVersion = 16.0.30523.141
MinimumVisualStudioVersion = 10.0.40219.1
Project("{FAE04EC0-301F-11D3-BF4B-00C04F79EFBC}") = "MemoryJSON.NET", "MemoryJSON.NET\MemoryJSON.NET.csproj", "{8CADEFDD-F972-4037-B53C-8B6DC1C61634}"
EndProject
Global
	GlobalSection(SolutionConfigurationPlatforms) = preSolution
		Debug|Any CPU = Debug|Any CPU
		Release|Any CPU = Release|Any CPU
	EndGlobalSection
	GlobalSection(ProjectConfigurationPlatforms) = postSolution
		{8CADEFDD-F972-4037-B53C-8B6DC1C61634}.Debug|Any CPU.ActiveCfg = Debug|Any CPU
		{8CADEFDD-F972-4037-B53C-8B6DC1C61634}.Debug|Any CPU.Build.0 = Debug|Any CPU
		{8CADEFDD-F972-4037-B53C-8B6DC1C61634}.Release|Any CPU.ActiveCfg = Release|Any CPU
		{8CADEFDD-F972-4037-B53C-8B6DC1C61634}.Release|Any CPU.Build.0 = Release|Any CPU
	EndGlobalSection
	GlobalSection(SolutionProperties) = preSolution
		HideSolutionNode = FALSE
	EndGlobalSection
	GlobalSection(ExtensibilityGlobals) = postSolution
		SolutionGuid = {56B5A8AA-DF67-4C3F-9F89-A1927E508A45}
	EndGlobalSection
EndGlobal
