
Microsoft Visual Studio Solution File, Format Version 12.00
# Visual Studio Version 16
VisualStudioVersion = 16.0.30523.141
MinimumVisualStudioVersion = 10.0.40219.1
Project("{FAE04EC0-301F-11D3-BF4B-00C04F79EFBC}") = "MemoryJSON", "MemoryJSON\MemoryJSON.csproj", "{8CADEFDD-F972-4037-B53C-8B6DC1C61634}"
EndProject
Project("{FAE04EC0-301F-11D3-BF4B-00C04F79EFBC}") = "Memory.dll", "Memory.dll\Memory.dll.csproj", "{820DB426-D9B8-4FBD-9AC7-3AE5EF6DA92A}"
EndProject
Project("{FAE04EC0-301F-11D3-BF4B-00C04F79EFBC}") = "MemoryJSON.Test", "MemoryJSON.Test\MemoryJSON.Test.csproj", "{C44F6DE4-CBF2-4842-B120-FC0BE8BB215D}"
EndProject
Global
	GlobalSection(SolutionConfigurationPlatforms) = preSolution
		Debug|Any CPU = Debug|Any CPU
		Release|Any CPU = Release|Any CPU
	EndGlobalSection
	GlobalSection(ProjectConfigurationPlatforms) = postSolution
		{8CADEFDD-F972-4037-B53C-8B6DC1C61634}.Debug|Any CPU.ActiveCfg = Debug|Any CPU
		{8CADEFDD-F972-4037-B53C-8B6DC1C61634}.Debug|Any CPU.Build.0 = Debug|Any CPU
		{8CADEFDD-F972-4037-B53C-8B6DC1C61634}.Release|Any CPU.ActiveCfg = Release|Any CPU
		{8CADEFDD-F972-4037-B53C-8B6DC1C61634}.Release|Any CPU.Build.0 = Release|Any CPU
		{820DB426-D9B8-4FBD-9AC7-3AE5EF6DA92A}.Debug|Any CPU.ActiveCfg = Debug|Any CPU
		{820DB426-D9B8-4FBD-9AC7-3AE5EF6DA92A}.Debug|Any CPU.Build.0 = Debug|Any CPU
		{820DB426-D9B8-4FBD-9AC7-3AE5EF6DA92A}.Release|Any CPU.ActiveCfg = Release|Any CPU
		{820DB426-D9B8-4FBD-9AC7-3AE5EF6DA92A}.Release|Any CPU.Build.0 = Release|Any CPU
		{C44F6DE4-CBF2-4842-B120-FC0BE8BB215D}.Debug|Any CPU.ActiveCfg = Debug|Any CPU
		{C44F6DE4-CBF2-4842-B120-FC0BE8BB215D}.Debug|Any CPU.Build.0 = Debug|Any CPU
		{C44F6DE4-CBF2-4842-B120-FC0BE8BB215D}.Release|Any CPU.ActiveCfg = Release|Any CPU
		{C44F6DE4-CBF2-4842-B120-FC0BE8BB215D}.Release|Any CPU.Build.0 = Release|Any CPU
	EndGlobalSection
	GlobalSection(SolutionProperties) = preSolution
		HideSolutionNode = FALSE
	EndGlobalSection
	GlobalSection(ExtensibilityGlobals) = postSolution
		SolutionGuid = {56B5A8AA-DF67-4C3F-9F89-A1927E508A45}
	EndGlobalSection
EndGlobal
